
Microsoft Visual Studio Solution File, Format Version 12.00
# Visual Studio 14
VisualStudioVersion = 14.0.25420.1
MinimumVisualStudioVersion = 10.0.40219.1
Project("{FAE04EC0-301F-11D3-BF4B-00C04F79EFBC}") = "MyWebServer", "MyWebServer\MyWebServer.csproj", "{59C69652-55C6-4715-A56F-6CA9513BD97F}"
EndProject
Project("{FAE04EC0-301F-11D3-BF4B-00C04F79EFBC}") = "WebServerApp", "WebServerApp\WebServerApp.csproj", "{A00AE046-C375-4B3F-BA8C-D66808907A53}"
EndProject
Project("{FAE04EC0-301F-11D3-BF4B-00C04F79EFBC}") = "SharpStore", "..\..\..\Documents\Visual Studio 2015\Projects\2017 Projects\SharpStore\SharpStore.csproj", "{2AE5492C-ECFE-4CB0-95BB-FEA0FAAABB17}"
EndProject
Global
	GlobalSection(SolutionConfigurationPlatforms) = preSolution
		Debug|Any CPU = Debug|Any CPU
		Release|Any CPU = Release|Any CPU
	EndGlobalSection
	GlobalSection(ProjectConfigurationPlatforms) = postSolution
		{59C69652-55C6-4715-A56F-6CA9513BD97F}.Debug|Any CPU.ActiveCfg = Debug|Any CPU
		{59C69652-55C6-4715-A56F-6CA9513BD97F}.Debug|Any CPU.Build.0 = Debug|Any CPU
		{59C69652-55C6-4715-A56F-6CA9513BD97F}.Release|Any CPU.ActiveCfg = Release|Any CPU
		{59C69652-55C6-4715-A56F-6CA9513BD97F}.Release|Any CPU.Build.0 = Release|Any CPU
		{A00AE046-C375-4B3F-BA8C-D66808907A53}.Debug|Any CPU.ActiveCfg = Debug|Any CPU
		{A00AE046-C375-4B3F-BA8C-D66808907A53}.Debug|Any CPU.Build.0 = Debug|Any CPU
		{A00AE046-C375-4B3F-BA8C-D66808907A53}.Release|Any CPU.ActiveCfg = Release|Any CPU
		{A00AE046-C375-4B3F-BA8C-D66808907A53}.Release|Any CPU.Build.0 = Release|Any CPU
		{2AE5492C-ECFE-4CB0-95BB-FEA0FAAABB17}.Debug|Any CPU.ActiveCfg = Debug|Any CPU
		{2AE5492C-ECFE-4CB0-95BB-FEA0FAAABB17}.Debug|Any CPU.Build.0 = Debug|Any CPU
		{2AE5492C-ECFE-4CB0-95BB-FEA0FAAABB17}.Release|Any CPU.ActiveCfg = Release|Any CPU
		{2AE5492C-ECFE-4CB0-95BB-FEA0FAAABB17}.Release|Any CPU.Build.0 = Release|Any CPU
	EndGlobalSection
	GlobalSection(SolutionProperties) = preSolution
		HideSolutionNode = FALSE
	EndGlobalSection
EndGlobal
